
Microsoft Visual Studio Solution File, Format Version 12.00
# Visual Studio Version 17
VisualStudioVersion = 17.7.34024.191
MinimumVisualStudioVersion = 10.0.40219.1
Project("{FAE04EC0-301F-11D3-BF4B-00C04F79EFBC}") = "брах", "брах\брах.csproj", "{BBFABDE7-1AB6-4416-8B2E-A35D240C75E8}"
EndProject
Global
	GlobalSection(SolutionConfigurationPlatforms) = preSolution
		Debug|Any CPU = Debug|Any CPU
		Release|Any CPU = Release|Any CPU
	EndGlobalSection
	GlobalSection(ProjectConfigurationPlatforms) = postSolution
		{BBFABDE7-1AB6-4416-8B2E-A35D240C75E8}.Debug|Any CPU.ActiveCfg = Debug|Any CPU
		{BBFABDE7-1AB6-4416-8B2E-A35D240C75E8}.Debug|Any CPU.Build.0 = Debug|Any CPU
		{BBFABDE7-1AB6-4416-8B2E-A35D240C75E8}.Release|Any CPU.ActiveCfg = Release|Any CPU
		{BBFABDE7-1AB6-4416-8B2E-A35D240C75E8}.Release|Any CPU.Build.0 = Release|Any CPU
	EndGlobalSection
	GlobalSection(SolutionProperties) = preSolution
		HideSolutionNode = FALSE
	EndGlobalSection
	GlobalSection(ExtensibilityGlobals) = postSolution
		SolutionGuid = {D2A4311D-5B31-499F-9BA7-7FA24B1AC450}
	EndGlobalSection
EndGlobal
