
Microsoft Visual Studio Solution File, Format Version 12.00
# Visual Studio Version 17
VisualStudioVersion = 17.7.34024.191
MinimumVisualStudioVersion = 10.0.40219.1
Project("{FAE04EC0-301F-11D3-BF4B-00C04F79EFBC}") = "Sukablyat", "Sukablyat\Sukablyat.csproj", "{93806FBE-6BBE-4965-86A6-E970B74E57C6}"
EndProject
Global
	GlobalSection(SolutionConfigurationPlatforms) = preSolution
		Debug|Any CPU = Debug|Any CPU
		Release|Any CPU = Release|Any CPU
	EndGlobalSection
	GlobalSection(ProjectConfigurationPlatforms) = postSolution
		{93806FBE-6BBE-4965-86A6-E970B74E57C6}.Debug|Any CPU.ActiveCfg = Debug|Any CPU
		{93806FBE-6BBE-4965-86A6-E970B74E57C6}.Debug|Any CPU.Build.0 = Debug|Any CPU
		{93806FBE-6BBE-4965-86A6-E970B74E57C6}.Release|Any CPU.ActiveCfg = Release|Any CPU
		{93806FBE-6BBE-4965-86A6-E970B74E57C6}.Release|Any CPU.Build.0 = Release|Any CPU
	EndGlobalSection
	GlobalSection(SolutionProperties) = preSolution
		HideSolutionNode = FALSE
	EndGlobalSection
	GlobalSection(ExtensibilityGlobals) = postSolution
		SolutionGuid = {BFAB88EB-BA8C-4AB9-B14D-32B8002AAEE2}
	EndGlobalSection
EndGlobal
